
Microsoft Visual Studio Solution File, Format Version 12.00
# Visual Studio 15
VisualStudioVersion = 15.0.28010.2003
MinimumVisualStudioVersion = 10.0.40219.1
Project("{9A19103F-16F7-4668-BE54-9A1E7A4F7556}") = "Refactora.Auth", "Refactora.Auth\Refactora.Auth.csproj", "{6A1724D3-0AB5-4C9D-A009-44D0E1BC71DF}"
EndProject
Project("{9A19103F-16F7-4668-BE54-9A1E7A4F7556}") = "Refactora.Auth.Vendor.Auth0", "Refactora.Auth.Vendor.Auth0\Refactora.Auth.Vendor.Auth0.csproj", "{12A18C3A-74E8-4372-BAB7-57ED20525A88}"
EndProject
Project("{9A19103F-16F7-4668-BE54-9A1E7A4F7556}") = "Refactora.Common", "Refactora.Common\Refactora.Common.csproj", "{FA3B41DE-A19B-41DF-9643-508CB09EBAC6}"
EndProject
Project("{9A19103F-16F7-4668-BE54-9A1E7A4F7556}") = "Test.Refactora.Auth", "Test.Refactora.Auth\Test.Refactora.Auth.csproj", "{6D99130B-6A83-4521-86BD-C59A265AC555}"
EndProject
Project("{9A19103F-16F7-4668-BE54-9A1E7A4F7556}") = "Test.Refactora.Auth.Vendor.Auth0", "Test.Refactora.Auth.Vendor.Auth0\Test.Refactora.Auth.Vendor.Auth0.csproj", "{2CA3A4E8-FEC6-4C01-B209-892116A407CC}"
EndProject
Project("{9A19103F-16F7-4668-BE54-9A1E7A4F7556}") = "Test.Refactora.Common", "Test.Refactora.Common\Test.Refactora.Common.csproj", "{0A64F4F5-27F2-4E5F-8C24-392A247372E1}"
EndProject
Project("{9A19103F-16F7-4668-BE54-9A1E7A4F7556}") = "Refactora.Validation", "Refactora.Validation\Refactora.Validation.csproj", "{27B0C666-C90A-496A-86C1-25BF6A304F32}"
EndProject
Project("{9A19103F-16F7-4668-BE54-9A1E7A4F7556}") = "Test.Refactora.Validation", "Test.Refactora.Validation\Test.Refactora.Validation.csproj", "{B040DFE4-3CC2-4E18-B8E4-15B7482C448D}"
EndProject
Global
	GlobalSection(SolutionConfigurationPlatforms) = preSolution
		Debug|Any CPU = Debug|Any CPU
		Release|Any CPU = Release|Any CPU
	EndGlobalSection
	GlobalSection(ProjectConfigurationPlatforms) = postSolution
		{6A1724D3-0AB5-4C9D-A009-44D0E1BC71DF}.Debug|Any CPU.ActiveCfg = Debug|Any CPU
		{6A1724D3-0AB5-4C9D-A009-44D0E1BC71DF}.Debug|Any CPU.Build.0 = Debug|Any CPU
		{6A1724D3-0AB5-4C9D-A009-44D0E1BC71DF}.Release|Any CPU.ActiveCfg = Release|Any CPU
		{6A1724D3-0AB5-4C9D-A009-44D0E1BC71DF}.Release|Any CPU.Build.0 = Release|Any CPU
		{12A18C3A-74E8-4372-BAB7-57ED20525A88}.Debug|Any CPU.ActiveCfg = Debug|Any CPU
		{12A18C3A-74E8-4372-BAB7-57ED20525A88}.Debug|Any CPU.Build.0 = Debug|Any CPU
		{12A18C3A-74E8-4372-BAB7-57ED20525A88}.Release|Any CPU.ActiveCfg = Release|Any CPU
		{12A18C3A-74E8-4372-BAB7-57ED20525A88}.Release|Any CPU.Build.0 = Release|Any CPU
		{FA3B41DE-A19B-41DF-9643-508CB09EBAC6}.Debug|Any CPU.ActiveCfg = Debug|Any CPU
		{FA3B41DE-A19B-41DF-9643-508CB09EBAC6}.Debug|Any CPU.Build.0 = Debug|Any CPU
		{FA3B41DE-A19B-41DF-9643-508CB09EBAC6}.Release|Any CPU.ActiveCfg = Release|Any CPU
		{FA3B41DE-A19B-41DF-9643-508CB09EBAC6}.Release|Any CPU.Build.0 = Release|Any CPU
		{6D99130B-6A83-4521-86BD-C59A265AC555}.Debug|Any CPU.ActiveCfg = Debug|Any CPU
		{6D99130B-6A83-4521-86BD-C59A265AC555}.Debug|Any CPU.Build.0 = Debug|Any CPU
		{6D99130B-6A83-4521-86BD-C59A265AC555}.Release|Any CPU.ActiveCfg = Release|Any CPU
		{6D99130B-6A83-4521-86BD-C59A265AC555}.Release|Any CPU.Build.0 = Release|Any CPU
		{2CA3A4E8-FEC6-4C01-B209-892116A407CC}.Debug|Any CPU.ActiveCfg = Debug|Any CPU
		{2CA3A4E8-FEC6-4C01-B209-892116A407CC}.Debug|Any CPU.Build.0 = Debug|Any CPU
		{2CA3A4E8-FEC6-4C01-B209-892116A407CC}.Release|Any CPU.ActiveCfg = Release|Any CPU
		{2CA3A4E8-FEC6-4C01-B209-892116A407CC}.Release|Any CPU.Build.0 = Release|Any CPU
		{0A64F4F5-27F2-4E5F-8C24-392A247372E1}.Debug|Any CPU.ActiveCfg = Debug|Any CPU
		{0A64F4F5-27F2-4E5F-8C24-392A247372E1}.Debug|Any CPU.Build.0 = Debug|Any CPU
		{0A64F4F5-27F2-4E5F-8C24-392A247372E1}.Release|Any CPU.ActiveCfg = Release|Any CPU
		{0A64F4F5-27F2-4E5F-8C24-392A247372E1}.Release|Any CPU.Build.0 = Release|Any CPU
		{27B0C666-C90A-496A-86C1-25BF6A304F32}.Debug|Any CPU.ActiveCfg = Debug|Any CPU
		{27B0C666-C90A-496A-86C1-25BF6A304F32}.Debug|Any CPU.Build.0 = Debug|Any CPU
		{27B0C666-C90A-496A-86C1-25BF6A304F32}.Release|Any CPU.ActiveCfg = Release|Any CPU
		{27B0C666-C90A-496A-86C1-25BF6A304F32}.Release|Any CPU.Build.0 = Release|Any CPU
		{B040DFE4-3CC2-4E18-B8E4-15B7482C448D}.Debug|Any CPU.ActiveCfg = Debug|Any CPU
		{B040DFE4-3CC2-4E18-B8E4-15B7482C448D}.Debug|Any CPU.Build.0 = Debug|Any CPU
		{B040DFE4-3CC2-4E18-B8E4-15B7482C448D}.Release|Any CPU.ActiveCfg = Release|Any CPU
		{B040DFE4-3CC2-4E18-B8E4-15B7482C448D}.Release|Any CPU.Build.0 = Release|Any CPU
	EndGlobalSection
	GlobalSection(SolutionProperties) = preSolution
		HideSolutionNode = FALSE
	EndGlobalSection
	GlobalSection(ExtensibilityGlobals) = postSolution
		SolutionGuid = {B0B328F4-1A39-467D-BFF7-875E4A6CA3FA}
	EndGlobalSection
EndGlobal
